
Microsoft Visual Studio Solution File, Format Version 12.00
# Visual Studio 15
VisualStudioVersion = 15.0.28307.421
MinimumVisualStudioVersion = 10.0.40219.1
Project("{FAE04EC0-301F-11D3-BF4B-00C04F79EFBC}") = "xo.Jirabot.WinService", "xo.Jirabot.WinService\xo.Jirabot.WinService.csproj", "{B77E228B-3CF8-441A-8C4F-B495E317C31B}"
EndProject
Project("{FAE04EC0-301F-11D3-BF4B-00C04F79EFBC}") = "xo.Jirabot.Contracts", "xo.Jirabot.Contracts\xo.Jirabot.Contracts.csproj", "{1DA11262-2A31-4F71-8CE5-3AFA72E5613D}"
EndProject
Project("{FAE04EC0-301F-11D3-BF4B-00C04F79EFBC}") = "xo.Jirabot.Data", "xo.Jirabot.Data\xo.Jirabot.Data.csproj", "{F821A410-1C6C-457F-81C8-734C019DF35D}"
EndProject
Project("{FAE04EC0-301F-11D3-BF4B-00C04F79EFBC}") = "xo.Jirabot.Engine", "xo.Jirabot.Engine\xo.Jirabot.Engine.csproj", "{3D5686DE-860E-4842-BDE7-F1BEACE89FCE}"
EndProject
Global
	GlobalSection(SolutionConfigurationPlatforms) = preSolution
		Debug|Any CPU = Debug|Any CPU
		Release|Any CPU = Release|Any CPU
	EndGlobalSection
	GlobalSection(ProjectConfigurationPlatforms) = postSolution
		{B77E228B-3CF8-441A-8C4F-B495E317C31B}.Debug|Any CPU.ActiveCfg = Debug|Any CPU
		{B77E228B-3CF8-441A-8C4F-B495E317C31B}.Debug|Any CPU.Build.0 = Debug|Any CPU
		{B77E228B-3CF8-441A-8C4F-B495E317C31B}.Release|Any CPU.ActiveCfg = Release|Any CPU
		{B77E228B-3CF8-441A-8C4F-B495E317C31B}.Release|Any CPU.Build.0 = Release|Any CPU
		{1DA11262-2A31-4F71-8CE5-3AFA72E5613D}.Debug|Any CPU.ActiveCfg = Debug|Any CPU
		{1DA11262-2A31-4F71-8CE5-3AFA72E5613D}.Debug|Any CPU.Build.0 = Debug|Any CPU
		{1DA11262-2A31-4F71-8CE5-3AFA72E5613D}.Release|Any CPU.ActiveCfg = Release|Any CPU
		{1DA11262-2A31-4F71-8CE5-3AFA72E5613D}.Release|Any CPU.Build.0 = Release|Any CPU
		{F821A410-1C6C-457F-81C8-734C019DF35D}.Debug|Any CPU.ActiveCfg = Debug|Any CPU
		{F821A410-1C6C-457F-81C8-734C019DF35D}.Debug|Any CPU.Build.0 = Debug|Any CPU
		{F821A410-1C6C-457F-81C8-734C019DF35D}.Release|Any CPU.ActiveCfg = Release|Any CPU
		{F821A410-1C6C-457F-81C8-734C019DF35D}.Release|Any CPU.Build.0 = Release|Any CPU
		{3D5686DE-860E-4842-BDE7-F1BEACE89FCE}.Debug|Any CPU.ActiveCfg = Debug|Any CPU
		{3D5686DE-860E-4842-BDE7-F1BEACE89FCE}.Debug|Any CPU.Build.0 = Debug|Any CPU
		{3D5686DE-860E-4842-BDE7-F1BEACE89FCE}.Release|Any CPU.ActiveCfg = Release|Any CPU
		{3D5686DE-860E-4842-BDE7-F1BEACE89FCE}.Release|Any CPU.Build.0 = Release|Any CPU
	EndGlobalSection
	GlobalSection(SolutionProperties) = preSolution
		HideSolutionNode = FALSE
	EndGlobalSection
	GlobalSection(ExtensibilityGlobals) = postSolution
		SolutionGuid = {77623BC2-092C-4E28-89B2-377F256543BE}
	EndGlobalSection
EndGlobal
