
Microsoft Visual Studio Solution File, Format Version 12.00
# Visual Studio 15
VisualStudioVersion = 15.0.28307.421
MinimumVisualStudioVersion = 10.0.40219.1
Project("{FAE04EC0-301F-11D3-BF4B-00C04F79EFBC}") = "xo.Jirabot.WinService", "xo.Jirabot.WinService\xo.Jirabot.WinService.csproj", "{B77E228B-3CF8-441A-8C4F-B495E317C31B}"
EndProject
Global
	GlobalSection(SolutionConfigurationPlatforms) = preSolution
		Debug|Any CPU = Debug|Any CPU
		Release|Any CPU = Release|Any CPU
	EndGlobalSection
	GlobalSection(ProjectConfigurationPlatforms) = postSolution
		{B77E228B-3CF8-441A-8C4F-B495E317C31B}.Debug|Any CPU.ActiveCfg = Debug|Any CPU
		{B77E228B-3CF8-441A-8C4F-B495E317C31B}.Debug|Any CPU.Build.0 = Debug|Any CPU
		{B77E228B-3CF8-441A-8C4F-B495E317C31B}.Release|Any CPU.ActiveCfg = Release|Any CPU
		{B77E228B-3CF8-441A-8C4F-B495E317C31B}.Release|Any CPU.Build.0 = Release|Any CPU
	EndGlobalSection
	GlobalSection(SolutionProperties) = preSolution
		HideSolutionNode = FALSE
	EndGlobalSection
	GlobalSection(ExtensibilityGlobals) = postSolution
		SolutionGuid = {77623BC2-092C-4E28-89B2-377F256543BE}
	EndGlobalSection
EndGlobal
